
Microsoft Visual Studio Solution File, Format Version 12.00
# Visual Studio Version 16
VisualStudioVersion = 16.0.29911.84
MinimumVisualStudioVersion = 10.0.40219.1
Project("{FAE04EC0-301F-11D3-BF4B-00C04F79EFBC}") = "ConsoleAppHib", "ConsoleAppHib\ConsoleAppHib.csproj", "{D51E5FF2-FFEE-4ED8-9422-0040C46A5C05}"
EndProject
Global
	GlobalSection(SolutionConfigurationPlatforms) = preSolution
		Debug|Any CPU = Debug|Any CPU
		Release|Any CPU = Release|Any CPU
	EndGlobalSection
	GlobalSection(ProjectConfigurationPlatforms) = postSolution
		{D51E5FF2-FFEE-4ED8-9422-0040C46A5C05}.Debug|Any CPU.ActiveCfg = Debug|Any CPU
		{D51E5FF2-FFEE-4ED8-9422-0040C46A5C05}.Debug|Any CPU.Build.0 = Debug|Any CPU
		{D51E5FF2-FFEE-4ED8-9422-0040C46A5C05}.Release|Any CPU.ActiveCfg = Release|Any CPU
		{D51E5FF2-FFEE-4ED8-9422-0040C46A5C05}.Release|Any CPU.Build.0 = Release|Any CPU
	EndGlobalSection
	GlobalSection(SolutionProperties) = preSolution
		HideSolutionNode = FALSE
	EndGlobalSection
	GlobalSection(ExtensibilityGlobals) = postSolution
		SolutionGuid = {858BC8C9-0224-456B-A82E-21F58021BAF5}
	EndGlobalSection
EndGlobal
